
Microsoft Visual Studio Solution File, Format Version 12.00
# Visual Studio 2012
Project("{2150E333-8FDC-42A3-9474-1A3956D46DE8}") = "Fsexerciser", "Fsexerciser", "{B4635B9D-31BA-48E0-8077-D2DA93F71087}"
EndProject
Project("{8BC9CEB8-8B4A-11D0-8D11-00A0C91BC942}") = "fsexerciser", "fsexerciser\fsexerciser.vcxproj", "{07D99AF1-96E0-49A5-8521-06DAE4560F6C}"
EndProject
Project("{8BC9CEB8-8B4A-11D0-8D11-00A0C91BC942}") = "install", "install\install.vcxproj", "{194C5C8C-0A70-4309-BC77-26C05BE36094}"
EndProject
Project("{8BC9CEB8-8B4A-11D0-8D11-00A0C91BC942}") = "lfidriver", "driver\driver.vcxproj", "{AD8B32A2-D9CE-4BF7-8F64-5D1E939F77B5}"
EndProject
Project("{8BC9CEB8-8B4A-11D0-8D11-00A0C91BC942}") = "libs2e", "libs2e\libs2e.vcxproj", "{F999B414-1B8E-4D40-9BF0-442560663847}"
EndProject
Project("{8BC9CEB8-8B4A-11D0-8D11-00A0C91BC942}") = "testctl", "testctl\testctl.vcxproj", "{91CD01BD-EF97-4556-9F81-C0CF72A9BA15}"
EndProject
Project("{8BC9CEB8-8B4A-11D0-8D11-00A0C91BC942}") = "nictester", "nictester\test\nictester.vcxproj", "{9581441E-78C6-4280-9CB1-156BC41F91E8}"
EndProject
Project("{8BC9CEB8-8B4A-11D0-8D11-00A0C91BC942}") = "ndisprot", "nictester\50\ndisprot.vcxproj", "{59C816FA-9488-4A48-BB7D-CB43AEF59A6A}"
EndProject
Project("{8BC9CEB8-8B4A-11D0-8D11-00A0C91BC942}") = "nettickler6", "nictester\60\nettickler6.vcxproj", "{38464027-E281-4C6D-BC52-EB723C99D7CB}"
EndProject
Global
	GlobalSection(SolutionConfigurationPlatforms) = preSolution
		Vista Debug|Win32 = Vista Debug|Win32
		Vista Debug|x64 = Vista Debug|x64
		Vista Release|Win32 = Vista Release|Win32
		Vista Release|x64 = Vista Release|x64
		Win7 Debug|Win32 = Win7 Debug|Win32
		Win7 Debug|x64 = Win7 Debug|x64
		Win7 Release|Win32 = Win7 Release|Win32
		Win7 Release|x64 = Win7 Release|x64
		Win8 Debug|Win32 = Win8 Debug|Win32
		Win8 Debug|x64 = Win8 Debug|x64
		Win8 Release|Win32 = Win8 Release|Win32
		Win8 Release|x64 = Win8 Release|x64
	EndGlobalSection
	GlobalSection(ProjectConfigurationPlatforms) = postSolution
		{07D99AF1-96E0-49A5-8521-06DAE4560F6C}.Vista Debug|Win32.ActiveCfg = Vista Debug|Win32
		{07D99AF1-96E0-49A5-8521-06DAE4560F6C}.Vista Debug|Win32.Build.0 = Vista Debug|Win32
		{07D99AF1-96E0-49A5-8521-06DAE4560F6C}.Vista Debug|x64.ActiveCfg = Vista Debug|x64
		{07D99AF1-96E0-49A5-8521-06DAE4560F6C}.Vista Debug|x64.Build.0 = Vista Debug|x64
		{07D99AF1-96E0-49A5-8521-06DAE4560F6C}.Vista Release|Win32.ActiveCfg = Vista Release|Win32
		{07D99AF1-96E0-49A5-8521-06DAE4560F6C}.Vista Release|Win32.Build.0 = Vista Release|Win32
		{07D99AF1-96E0-49A5-8521-06DAE4560F6C}.Vista Release|x64.ActiveCfg = Vista Release|x64
		{07D99AF1-96E0-49A5-8521-06DAE4560F6C}.Vista Release|x64.Build.0 = Vista Release|x64
		{07D99AF1-96E0-49A5-8521-06DAE4560F6C}.Win7 Debug|Win32.ActiveCfg = Win7 Debug|Win32
		{07D99AF1-96E0-49A5-8521-06DAE4560F6C}.Win7 Debug|Win32.Build.0 = Win7 Debug|Win32
		{07D99AF1-96E0-49A5-8521-06DAE4560F6C}.Win7 Debug|x64.ActiveCfg = Win7 Debug|x64
		{07D99AF1-96E0-49A5-8521-06DAE4560F6C}.Win7 Debug|x64.Build.0 = Win7 Debug|x64
		{07D99AF1-96E0-49A5-8521-06DAE4560F6C}.Win7 Release|Win32.ActiveCfg = Win7 Release|Win32
		{07D99AF1-96E0-49A5-8521-06DAE4560F6C}.Win7 Release|Win32.Build.0 = Win7 Release|Win32
		{07D99AF1-96E0-49A5-8521-06DAE4560F6C}.Win7 Release|x64.ActiveCfg = Win7 Release|x64
		{07D99AF1-96E0-49A5-8521-06DAE4560F6C}.Win7 Release|x64.Build.0 = Win7 Release|x64
		{07D99AF1-96E0-49A5-8521-06DAE4560F6C}.Win8 Debug|Win32.ActiveCfg = Win8 Debug|Win32
		{07D99AF1-96E0-49A5-8521-06DAE4560F6C}.Win8 Debug|Win32.Build.0 = Win8 Debug|Win32
		{07D99AF1-96E0-49A5-8521-06DAE4560F6C}.Win8 Debug|x64.ActiveCfg = Win8 Debug|x64
		{07D99AF1-96E0-49A5-8521-06DAE4560F6C}.Win8 Debug|x64.Build.0 = Win8 Debug|x64
		{07D99AF1-96E0-49A5-8521-06DAE4560F6C}.Win8 Release|Win32.ActiveCfg = Win8 Release|Win32
		{07D99AF1-96E0-49A5-8521-06DAE4560F6C}.Win8 Release|Win32.Build.0 = Win8 Release|Win32
		{07D99AF1-96E0-49A5-8521-06DAE4560F6C}.Win8 Release|x64.ActiveCfg = Win8 Release|x64
		{07D99AF1-96E0-49A5-8521-06DAE4560F6C}.Win8 Release|x64.Build.0 = Win8 Release|x64
		{194C5C8C-0A70-4309-BC77-26C05BE36094}.Vista Debug|Win32.ActiveCfg = Vista Debug|Win32
		{194C5C8C-0A70-4309-BC77-26C05BE36094}.Vista Debug|Win32.Build.0 = Vista Debug|Win32
		{194C5C8C-0A70-4309-BC77-26C05BE36094}.Vista Debug|Win32.Deploy.0 = Vista Debug|Win32
		{194C5C8C-0A70-4309-BC77-26C05BE36094}.Vista Debug|x64.ActiveCfg = Vista Debug|x64
		{194C5C8C-0A70-4309-BC77-26C05BE36094}.Vista Debug|x64.Build.0 = Vista Debug|x64
		{194C5C8C-0A70-4309-BC77-26C05BE36094}.Vista Debug|x64.Deploy.0 = Vista Debug|x64
		{194C5C8C-0A70-4309-BC77-26C05BE36094}.Vista Release|Win32.ActiveCfg = Vista Release|Win32
		{194C5C8C-0A70-4309-BC77-26C05BE36094}.Vista Release|Win32.Build.0 = Vista Release|Win32
		{194C5C8C-0A70-4309-BC77-26C05BE36094}.Vista Release|Win32.Deploy.0 = Vista Release|Win32
		{194C5C8C-0A70-4309-BC77-26C05BE36094}.Vista Release|x64.ActiveCfg = Vista Release|x64
		{194C5C8C-0A70-4309-BC77-26C05BE36094}.Vista Release|x64.Build.0 = Vista Release|x64
		{194C5C8C-0A70-4309-BC77-26C05BE36094}.Vista Release|x64.Deploy.0 = Vista Release|x64
		{194C5C8C-0A70-4309-BC77-26C05BE36094}.Win7 Debug|Win32.ActiveCfg = Win7 Debug|Win32
		{194C5C8C-0A70-4309-BC77-26C05BE36094}.Win7 Debug|Win32.Build.0 = Win7 Debug|Win32
		{194C5C8C-0A70-4309-BC77-26C05BE36094}.Win7 Debug|Win32.Deploy.0 = Win7 Debug|Win32
		{194C5C8C-0A70-4309-BC77-26C05BE36094}.Win7 Debug|x64.ActiveCfg = Win7 Debug|x64
		{194C5C8C-0A70-4309-BC77-26C05BE36094}.Win7 Debug|x64.Build.0 = Win7 Debug|x64
		{194C5C8C-0A70-4309-BC77-26C05BE36094}.Win7 Debug|x64.Deploy.0 = Win7 Debug|x64
		{194C5C8C-0A70-4309-BC77-26C05BE36094}.Win7 Release|Win32.ActiveCfg = Win7 Release|Win32
		{194C5C8C-0A70-4309-BC77-26C05BE36094}.Win7 Release|Win32.Build.0 = Win7 Release|Win32
		{194C5C8C-0A70-4309-BC77-26C05BE36094}.Win7 Release|Win32.Deploy.0 = Win7 Release|Win32
		{194C5C8C-0A70-4309-BC77-26C05BE36094}.Win7 Release|x64.ActiveCfg = Win7 Release|x64
		{194C5C8C-0A70-4309-BC77-26C05BE36094}.Win7 Release|x64.Build.0 = Win7 Release|x64
		{194C5C8C-0A70-4309-BC77-26C05BE36094}.Win7 Release|x64.Deploy.0 = Win7 Release|x64
		{194C5C8C-0A70-4309-BC77-26C05BE36094}.Win8 Debug|Win32.ActiveCfg = Win8 Debug|Win32
		{194C5C8C-0A70-4309-BC77-26C05BE36094}.Win8 Debug|Win32.Build.0 = Win8 Debug|Win32
		{194C5C8C-0A70-4309-BC77-26C05BE36094}.Win8 Debug|Win32.Deploy.0 = Win8 Debug|Win32
		{194C5C8C-0A70-4309-BC77-26C05BE36094}.Win8 Debug|x64.ActiveCfg = Win8 Debug|x64
		{194C5C8C-0A70-4309-BC77-26C05BE36094}.Win8 Debug|x64.Build.0 = Win8 Debug|x64
		{194C5C8C-0A70-4309-BC77-26C05BE36094}.Win8 Debug|x64.Deploy.0 = Win8 Debug|x64
		{194C5C8C-0A70-4309-BC77-26C05BE36094}.Win8 Release|Win32.ActiveCfg = Win8 Release|Win32
		{194C5C8C-0A70-4309-BC77-26C05BE36094}.Win8 Release|Win32.Build.0 = Win8 Release|Win32
		{194C5C8C-0A70-4309-BC77-26C05BE36094}.Win8 Release|Win32.Deploy.0 = Win8 Release|Win32
		{194C5C8C-0A70-4309-BC77-26C05BE36094}.Win8 Release|x64.ActiveCfg = Win8 Release|x64
		{194C5C8C-0A70-4309-BC77-26C05BE36094}.Win8 Release|x64.Build.0 = Win8 Release|x64
		{194C5C8C-0A70-4309-BC77-26C05BE36094}.Win8 Release|x64.Deploy.0 = Win8 Release|x64
		{AD8B32A2-D9CE-4BF7-8F64-5D1E939F77B5}.Vista Debug|Win32.ActiveCfg = Vista Debug|Win32
		{AD8B32A2-D9CE-4BF7-8F64-5D1E939F77B5}.Vista Debug|Win32.Build.0 = Vista Debug|Win32
		{AD8B32A2-D9CE-4BF7-8F64-5D1E939F77B5}.Vista Debug|Win32.Deploy.0 = Vista Debug|Win32
		{AD8B32A2-D9CE-4BF7-8F64-5D1E939F77B5}.Vista Debug|x64.ActiveCfg = Vista Debug|x64
		{AD8B32A2-D9CE-4BF7-8F64-5D1E939F77B5}.Vista Debug|x64.Build.0 = Vista Debug|x64
		{AD8B32A2-D9CE-4BF7-8F64-5D1E939F77B5}.Vista Debug|x64.Deploy.0 = Vista Debug|x64
		{AD8B32A2-D9CE-4BF7-8F64-5D1E939F77B5}.Vista Release|Win32.ActiveCfg = Vista Release|Win32
		{AD8B32A2-D9CE-4BF7-8F64-5D1E939F77B5}.Vista Release|Win32.Build.0 = Vista Release|Win32
		{AD8B32A2-D9CE-4BF7-8F64-5D1E939F77B5}.Vista Release|Win32.Deploy.0 = Vista Release|Win32
		{AD8B32A2-D9CE-4BF7-8F64-5D1E939F77B5}.Vista Release|x64.ActiveCfg = Vista Release|x64
		{AD8B32A2-D9CE-4BF7-8F64-5D1E939F77B5}.Vista Release|x64.Build.0 = Vista Release|x64
		{AD8B32A2-D9CE-4BF7-8F64-5D1E939F77B5}.Vista Release|x64.Deploy.0 = Vista Release|x64
		{AD8B32A2-D9CE-4BF7-8F64-5D1E939F77B5}.Win7 Debug|Win32.ActiveCfg = Win7 Debug|Win32
		{AD8B32A2-D9CE-4BF7-8F64-5D1E939F77B5}.Win7 Debug|Win32.Build.0 = Win7 Debug|Win32
		{AD8B32A2-D9CE-4BF7-8F64-5D1E939F77B5}.Win7 Debug|Win32.Deploy.0 = Win7 Debug|Win32
		{AD8B32A2-D9CE-4BF7-8F64-5D1E939F77B5}.Win7 Debug|x64.ActiveCfg = Win7 Debug|x64
		{AD8B32A2-D9CE-4BF7-8F64-5D1E939F77B5}.Win7 Debug|x64.Build.0 = Win7 Debug|x64
		{AD8B32A2-D9CE-4BF7-8F64-5D1E939F77B5}.Win7 Debug|x64.Deploy.0 = Win7 Debug|x64
		{AD8B32A2-D9CE-4BF7-8F64-5D1E939F77B5}.Win7 Release|Win32.ActiveCfg = Win7 Release|Win32
		{AD8B32A2-D9CE-4BF7-8F64-5D1E939F77B5}.Win7 Release|Win32.Build.0 = Win7 Release|Win32
		{AD8B32A2-D9CE-4BF7-8F64-5D1E939F77B5}.Win7 Release|Win32.Deploy.0 = Win7 Release|Win32
		{AD8B32A2-D9CE-4BF7-8F64-5D1E939F77B5}.Win7 Release|x64.ActiveCfg = Win7 Release|x64
		{AD8B32A2-D9CE-4BF7-8F64-5D1E939F77B5}.Win7 Release|x64.Build.0 = Win7 Release|x64
		{AD8B32A2-D9CE-4BF7-8F64-5D1E939F77B5}.Win7 Release|x64.Deploy.0 = Win7 Release|x64
		{AD8B32A2-D9CE-4BF7-8F64-5D1E939F77B5}.Win8 Debug|Win32.ActiveCfg = Win8 Debug|Win32
		{AD8B32A2-D9CE-4BF7-8F64-5D1E939F77B5}.Win8 Debug|Win32.Build.0 = Win8 Debug|Win32
		{AD8B32A2-D9CE-4BF7-8F64-5D1E939F77B5}.Win8 Debug|Win32.Deploy.0 = Win8 Debug|Win32
		{AD8B32A2-D9CE-4BF7-8F64-5D1E939F77B5}.Win8 Debug|x64.ActiveCfg = Win8 Debug|x64
		{AD8B32A2-D9CE-4BF7-8F64-5D1E939F77B5}.Win8 Debug|x64.Build.0 = Win8 Debug|x64
		{AD8B32A2-D9CE-4BF7-8F64-5D1E939F77B5}.Win8 Debug|x64.Deploy.0 = Win8 Debug|x64
		{AD8B32A2-D9CE-4BF7-8F64-5D1E939F77B5}.Win8 Release|Win32.ActiveCfg = Win8 Release|Win32
		{AD8B32A2-D9CE-4BF7-8F64-5D1E939F77B5}.Win8 Release|Win32.Build.0 = Win8 Release|Win32
		{AD8B32A2-D9CE-4BF7-8F64-5D1E939F77B5}.Win8 Release|Win32.Deploy.0 = Win8 Release|Win32
		{AD8B32A2-D9CE-4BF7-8F64-5D1E939F77B5}.Win8 Release|x64.ActiveCfg = Win8 Release|x64
		{AD8B32A2-D9CE-4BF7-8F64-5D1E939F77B5}.Win8 Release|x64.Build.0 = Win8 Release|x64
		{AD8B32A2-D9CE-4BF7-8F64-5D1E939F77B5}.Win8 Release|x64.Deploy.0 = Win8 Release|x64
		{F999B414-1B8E-4D40-9BF0-442560663847}.Vista Debug|Win32.ActiveCfg = Vista Debug|Win32
		{F999B414-1B8E-4D40-9BF0-442560663847}.Vista Debug|Win32.Build.0 = Vista Debug|Win32
		{F999B414-1B8E-4D40-9BF0-442560663847}.Vista Debug|Win32.Deploy.0 = Vista Debug|Win32
		{F999B414-1B8E-4D40-9BF0-442560663847}.Vista Debug|x64.ActiveCfg = Vista Debug|x64
		{F999B414-1B8E-4D40-9BF0-442560663847}.Vista Debug|x64.Build.0 = Vista Debug|x64
		{F999B414-1B8E-4D40-9BF0-442560663847}.Vista Debug|x64.Deploy.0 = Vista Debug|x64
		{F999B414-1B8E-4D40-9BF0-442560663847}.Vista Release|Win32.ActiveCfg = Vista Release|Win32
		{F999B414-1B8E-4D40-9BF0-442560663847}.Vista Release|Win32.Build.0 = Vista Release|Win32
		{F999B414-1B8E-4D40-9BF0-442560663847}.Vista Release|Win32.Deploy.0 = Vista Release|Win32
		{F999B414-1B8E-4D40-9BF0-442560663847}.Vista Release|x64.ActiveCfg = Vista Release|x64
		{F999B414-1B8E-4D40-9BF0-442560663847}.Vista Release|x64.Build.0 = Vista Release|x64
		{F999B414-1B8E-4D40-9BF0-442560663847}.Vista Release|x64.Deploy.0 = Vista Release|x64
		{F999B414-1B8E-4D40-9BF0-442560663847}.Win7 Debug|Win32.ActiveCfg = Win7 Debug|Win32
		{F999B414-1B8E-4D40-9BF0-442560663847}.Win7 Debug|Win32.Build.0 = Win7 Debug|Win32
		{F999B414-1B8E-4D40-9BF0-442560663847}.Win7 Debug|Win32.Deploy.0 = Win7 Debug|Win32
		{F999B414-1B8E-4D40-9BF0-442560663847}.Win7 Debug|x64.ActiveCfg = Win7 Debug|x64
		{F999B414-1B8E-4D40-9BF0-442560663847}.Win7 Debug|x64.Build.0 = Win7 Debug|x64
		{F999B414-1B8E-4D40-9BF0-442560663847}.Win7 Debug|x64.Deploy.0 = Win7 Debug|x64
		{F999B414-1B8E-4D40-9BF0-442560663847}.Win7 Release|Win32.ActiveCfg = Win7 Release|Win32
		{F999B414-1B8E-4D40-9BF0-442560663847}.Win7 Release|Win32.Build.0 = Win7 Release|Win32
		{F999B414-1B8E-4D40-9BF0-442560663847}.Win7 Release|Win32.Deploy.0 = Win7 Release|Win32
		{F999B414-1B8E-4D40-9BF0-442560663847}.Win7 Release|x64.ActiveCfg = Win7 Release|x64
		{F999B414-1B8E-4D40-9BF0-442560663847}.Win7 Release|x64.Build.0 = Win7 Release|x64
		{F999B414-1B8E-4D40-9BF0-442560663847}.Win7 Release|x64.Deploy.0 = Win7 Release|x64
		{F999B414-1B8E-4D40-9BF0-442560663847}.Win8 Debug|Win32.ActiveCfg = Win8 Debug|Win32
		{F999B414-1B8E-4D40-9BF0-442560663847}.Win8 Debug|Win32.Build.0 = Win8 Debug|Win32
		{F999B414-1B8E-4D40-9BF0-442560663847}.Win8 Debug|Win32.Deploy.0 = Win8 Debug|Win32
		{F999B414-1B8E-4D40-9BF0-442560663847}.Win8 Debug|x64.ActiveCfg = Win8 Debug|x64
		{F999B414-1B8E-4D40-9BF0-442560663847}.Win8 Debug|x64.Build.0 = Win8 Debug|x64
		{F999B414-1B8E-4D40-9BF0-442560663847}.Win8 Debug|x64.Deploy.0 = Win8 Debug|x64
		{F999B414-1B8E-4D40-9BF0-442560663847}.Win8 Release|Win32.ActiveCfg = Win8 Release|Win32
		{F999B414-1B8E-4D40-9BF0-442560663847}.Win8 Release|Win32.Build.0 = Win8 Release|Win32
		{F999B414-1B8E-4D40-9BF0-442560663847}.Win8 Release|Win32.Deploy.0 = Win8 Release|Win32
		{F999B414-1B8E-4D40-9BF0-442560663847}.Win8 Release|x64.ActiveCfg = Win8 Release|x64
		{F999B414-1B8E-4D40-9BF0-442560663847}.Win8 Release|x64.Build.0 = Win8 Release|x64
		{F999B414-1B8E-4D40-9BF0-442560663847}.Win8 Release|x64.Deploy.0 = Win8 Release|x64
		{91CD01BD-EF97-4556-9F81-C0CF72A9BA15}.Vista Debug|Win32.ActiveCfg = Vista Debug|Win32
		{91CD01BD-EF97-4556-9F81-C0CF72A9BA15}.Vista Debug|Win32.Build.0 = Vista Debug|Win32
		{91CD01BD-EF97-4556-9F81-C0CF72A9BA15}.Vista Debug|Win32.Deploy.0 = Vista Debug|Win32
		{91CD01BD-EF97-4556-9F81-C0CF72A9BA15}.Vista Debug|x64.ActiveCfg = Vista Debug|x64
		{91CD01BD-EF97-4556-9F81-C0CF72A9BA15}.Vista Debug|x64.Build.0 = Vista Debug|x64
		{91CD01BD-EF97-4556-9F81-C0CF72A9BA15}.Vista Debug|x64.Deploy.0 = Vista Debug|x64
		{91CD01BD-EF97-4556-9F81-C0CF72A9BA15}.Vista Release|Win32.ActiveCfg = Vista Release|Win32
		{91CD01BD-EF97-4556-9F81-C0CF72A9BA15}.Vista Release|Win32.Build.0 = Vista Release|Win32
		{91CD01BD-EF97-4556-9F81-C0CF72A9BA15}.Vista Release|Win32.Deploy.0 = Vista Release|Win32
		{91CD01BD-EF97-4556-9F81-C0CF72A9BA15}.Vista Release|x64.ActiveCfg = Vista Release|x64
		{91CD01BD-EF97-4556-9F81-C0CF72A9BA15}.Vista Release|x64.Build.0 = Vista Release|x64
		{91CD01BD-EF97-4556-9F81-C0CF72A9BA15}.Vista Release|x64.Deploy.0 = Vista Release|x64
		{91CD01BD-EF97-4556-9F81-C0CF72A9BA15}.Win7 Debug|Win32.ActiveCfg = Win7 Debug|Win32
		{91CD01BD-EF97-4556-9F81-C0CF72A9BA15}.Win7 Debug|Win32.Build.0 = Win7 Debug|Win32
		{91CD01BD-EF97-4556-9F81-C0CF72A9BA15}.Win7 Debug|Win32.Deploy.0 = Win7 Debug|Win32
		{91CD01BD-EF97-4556-9F81-C0CF72A9BA15}.Win7 Debug|x64.ActiveCfg = Win7 Debug|x64
		{91CD01BD-EF97-4556-9F81-C0CF72A9BA15}.Win7 Debug|x64.Build.0 = Win7 Debug|x64
		{91CD01BD-EF97-4556-9F81-C0CF72A9BA15}.Win7 Debug|x64.Deploy.0 = Win7 Debug|x64
		{91CD01BD-EF97-4556-9F81-C0CF72A9BA15}.Win7 Release|Win32.ActiveCfg = Win7 Release|Win32
		{91CD01BD-EF97-4556-9F81-C0CF72A9BA15}.Win7 Release|Win32.Build.0 = Win7 Release|Win32
		{91CD01BD-EF97-4556-9F81-C0CF72A9BA15}.Win7 Release|Win32.Deploy.0 = Win7 Release|Win32
		{91CD01BD-EF97-4556-9F81-C0CF72A9BA15}.Win7 Release|x64.ActiveCfg = Win7 Release|x64
		{91CD01BD-EF97-4556-9F81-C0CF72A9BA15}.Win7 Release|x64.Build.0 = Win7 Release|x64
		{91CD01BD-EF97-4556-9F81-C0CF72A9BA15}.Win7 Release|x64.Deploy.0 = Win7 Release|x64
		{91CD01BD-EF97-4556-9F81-C0CF72A9BA15}.Win8 Debug|Win32.ActiveCfg = Win8 Debug|Win32
		{91CD01BD-EF97-4556-9F81-C0CF72A9BA15}.Win8 Debug|Win32.Build.0 = Win8 Debug|Win32
		{91CD01BD-EF97-4556-9F81-C0CF72A9BA15}.Win8 Debug|Win32.Deploy.0 = Win8 Debug|Win32
		{91CD01BD-EF97-4556-9F81-C0CF72A9BA15}.Win8 Debug|x64.ActiveCfg = Win8 Debug|x64
		{91CD01BD-EF97-4556-9F81-C0CF72A9BA15}.Win8 Debug|x64.Build.0 = Win8 Debug|x64
		{91CD01BD-EF97-4556-9F81-C0CF72A9BA15}.Win8 Debug|x64.Deploy.0 = Win8 Debug|x64
		{91CD01BD-EF97-4556-9F81-C0CF72A9BA15}.Win8 Release|Win32.ActiveCfg = Win8 Release|Win32
		{91CD01BD-EF97-4556-9F81-C0CF72A9BA15}.Win8 Release|Win32.Build.0 = Win8 Release|Win32
		{91CD01BD-EF97-4556-9F81-C0CF72A9BA15}.Win8 Release|Win32.Deploy.0 = Win8 Release|Win32
		{91CD01BD-EF97-4556-9F81-C0CF72A9BA15}.Win8 Release|x64.ActiveCfg = Win8 Release|x64
		{91CD01BD-EF97-4556-9F81-C0CF72A9BA15}.Win8 Release|x64.Build.0 = Win8 Release|x64
		{91CD01BD-EF97-4556-9F81-C0CF72A9BA15}.Win8 Release|x64.Deploy.0 = Win8 Release|x64
		{9581441E-78C6-4280-9CB1-156BC41F91E8}.Vista Debug|Win32.ActiveCfg = Vista Debug|Win32
		{9581441E-78C6-4280-9CB1-156BC41F91E8}.Vista Debug|Win32.Build.0 = Vista Debug|Win32
		{9581441E-78C6-4280-9CB1-156BC41F91E8}.Vista Debug|Win32.Deploy.0 = Vista Debug|Win32
		{9581441E-78C6-4280-9CB1-156BC41F91E8}.Vista Debug|x64.ActiveCfg = Vista Debug|x64
		{9581441E-78C6-4280-9CB1-156BC41F91E8}.Vista Debug|x64.Build.0 = Vista Debug|x64
		{9581441E-78C6-4280-9CB1-156BC41F91E8}.Vista Debug|x64.Deploy.0 = Vista Debug|x64
		{9581441E-78C6-4280-9CB1-156BC41F91E8}.Vista Release|Win32.ActiveCfg = Vista Release|Win32
		{9581441E-78C6-4280-9CB1-156BC41F91E8}.Vista Release|Win32.Build.0 = Vista Release|Win32
		{9581441E-78C6-4280-9CB1-156BC41F91E8}.Vista Release|Win32.Deploy.0 = Vista Release|Win32
		{9581441E-78C6-4280-9CB1-156BC41F91E8}.Vista Release|x64.ActiveCfg = Vista Release|x64
		{9581441E-78C6-4280-9CB1-156BC41F91E8}.Vista Release|x64.Build.0 = Vista Release|x64
		{9581441E-78C6-4280-9CB1-156BC41F91E8}.Vista Release|x64.Deploy.0 = Vista Release|x64
		{9581441E-78C6-4280-9CB1-156BC41F91E8}.Win7 Debug|Win32.ActiveCfg = Win7 Debug|Win32
		{9581441E-78C6-4280-9CB1-156BC41F91E8}.Win7 Debug|Win32.Build.0 = Win7 Debug|Win32
		{9581441E-78C6-4280-9CB1-156BC41F91E8}.Win7 Debug|Win32.Deploy.0 = Win7 Debug|Win32
		{9581441E-78C6-4280-9CB1-156BC41F91E8}.Win7 Debug|x64.ActiveCfg = Win7 Debug|x64
		{9581441E-78C6-4280-9CB1-156BC41F91E8}.Win7 Debug|x64.Build.0 = Win7 Debug|x64
		{9581441E-78C6-4280-9CB1-156BC41F91E8}.Win7 Debug|x64.Deploy.0 = Win7 Debug|x64
		{9581441E-78C6-4280-9CB1-156BC41F91E8}.Win7 Release|Win32.ActiveCfg = Win7 Release|Win32
		{9581441E-78C6-4280-9CB1-156BC41F91E8}.Win7 Release|Win32.Build.0 = Win7 Release|Win32
		{9581441E-78C6-4280-9CB1-156BC41F91E8}.Win7 Release|Win32.Deploy.0 = Win7 Release|Win32
		{9581441E-78C6-4280-9CB1-156BC41F91E8}.Win7 Release|x64.ActiveCfg = Win7 Release|x64
		{9581441E-78C6-4280-9CB1-156BC41F91E8}.Win7 Release|x64.Build.0 = Win7 Release|x64
		{9581441E-78C6-4280-9CB1-156BC41F91E8}.Win7 Release|x64.Deploy.0 = Win7 Release|x64
		{9581441E-78C6-4280-9CB1-156BC41F91E8}.Win8 Debug|Win32.ActiveCfg = Win8 Debug|Win32
		{9581441E-78C6-4280-9CB1-156BC41F91E8}.Win8 Debug|Win32.Build.0 = Win8 Debug|Win32
		{9581441E-78C6-4280-9CB1-156BC41F91E8}.Win8 Debug|Win32.Deploy.0 = Win8 Debug|Win32
		{9581441E-78C6-4280-9CB1-156BC41F91E8}.Win8 Debug|x64.ActiveCfg = Win8 Debug|x64
		{9581441E-78C6-4280-9CB1-156BC41F91E8}.Win8 Debug|x64.Build.0 = Win8 Debug|x64
		{9581441E-78C6-4280-9CB1-156BC41F91E8}.Win8 Debug|x64.Deploy.0 = Win8 Debug|x64
		{9581441E-78C6-4280-9CB1-156BC41F91E8}.Win8 Release|Win32.ActiveCfg = Win8 Release|Win32
		{9581441E-78C6-4280-9CB1-156BC41F91E8}.Win8 Release|Win32.Build.0 = Win8 Release|Win32
		{9581441E-78C6-4280-9CB1-156BC41F91E8}.Win8 Release|Win32.Deploy.0 = Win8 Release|Win32
		{9581441E-78C6-4280-9CB1-156BC41F91E8}.Win8 Release|x64.ActiveCfg = Win8 Release|x64
		{9581441E-78C6-4280-9CB1-156BC41F91E8}.Win8 Release|x64.Build.0 = Win8 Release|x64
		{9581441E-78C6-4280-9CB1-156BC41F91E8}.Win8 Release|x64.Deploy.0 = Win8 Release|x64
		{59C816FA-9488-4A48-BB7D-CB43AEF59A6A}.Vista Debug|Win32.ActiveCfg = Vista Debug|Win32
		{59C816FA-9488-4A48-BB7D-CB43AEF59A6A}.Vista Debug|Win32.Build.0 = Vista Debug|Win32
		{59C816FA-9488-4A48-BB7D-CB43AEF59A6A}.Vista Debug|Win32.Deploy.0 = Vista Debug|Win32
		{59C816FA-9488-4A48-BB7D-CB43AEF59A6A}.Vista Debug|x64.ActiveCfg = Vista Debug|x64
		{59C816FA-9488-4A48-BB7D-CB43AEF59A6A}.Vista Debug|x64.Build.0 = Vista Debug|x64
		{59C816FA-9488-4A48-BB7D-CB43AEF59A6A}.Vista Debug|x64.Deploy.0 = Vista Debug|x64
		{59C816FA-9488-4A48-BB7D-CB43AEF59A6A}.Vista Release|Win32.ActiveCfg = Vista Release|Win32
		{59C816FA-9488-4A48-BB7D-CB43AEF59A6A}.Vista Release|Win32.Build.0 = Vista Release|Win32
		{59C816FA-9488-4A48-BB7D-CB43AEF59A6A}.Vista Release|Win32.Deploy.0 = Vista Release|Win32
		{59C816FA-9488-4A48-BB7D-CB43AEF59A6A}.Vista Release|x64.ActiveCfg = Vista Release|x64
		{59C816FA-9488-4A48-BB7D-CB43AEF59A6A}.Vista Release|x64.Build.0 = Vista Release|x64
		{59C816FA-9488-4A48-BB7D-CB43AEF59A6A}.Vista Release|x64.Deploy.0 = Vista Release|x64
		{59C816FA-9488-4A48-BB7D-CB43AEF59A6A}.Win7 Debug|Win32.ActiveCfg = Win7 Debug|Win32
		{59C816FA-9488-4A48-BB7D-CB43AEF59A6A}.Win7 Debug|Win32.Build.0 = Win7 Debug|Win32
		{59C816FA-9488-4A48-BB7D-CB43AEF59A6A}.Win7 Debug|Win32.Deploy.0 = Win7 Debug|Win32
		{59C816FA-9488-4A48-BB7D-CB43AEF59A6A}.Win7 Debug|x64.ActiveCfg = Win7 Debug|x64
		{59C816FA-9488-4A48-BB7D-CB43AEF59A6A}.Win7 Debug|x64.Build.0 = Win7 Debug|x64
		{59C816FA-9488-4A48-BB7D-CB43AEF59A6A}.Win7 Debug|x64.Deploy.0 = Win7 Debug|x64
		{59C816FA-9488-4A48-BB7D-CB43AEF59A6A}.Win7 Release|Win32.ActiveCfg = Win7 Release|Win32
		{59C816FA-9488-4A48-BB7D-CB43AEF59A6A}.Win7 Release|Win32.Build.0 = Win7 Release|Win32
		{59C816FA-9488-4A48-BB7D-CB43AEF59A6A}.Win7 Release|Win32.Deploy.0 = Win7 Release|Win32
		{59C816FA-9488-4A48-BB7D-CB43AEF59A6A}.Win7 Release|x64.ActiveCfg = Win7 Release|x64
		{59C816FA-9488-4A48-BB7D-CB43AEF59A6A}.Win7 Release|x64.Build.0 = Win7 Release|x64
		{59C816FA-9488-4A48-BB7D-CB43AEF59A6A}.Win7 Release|x64.Deploy.0 = Win7 Release|x64
		{59C816FA-9488-4A48-BB7D-CB43AEF59A6A}.Win8 Debug|Win32.ActiveCfg = Win8 Debug|Win32
		{59C816FA-9488-4A48-BB7D-CB43AEF59A6A}.Win8 Debug|Win32.Build.0 = Win8 Debug|Win32
		{59C816FA-9488-4A48-BB7D-CB43AEF59A6A}.Win8 Debug|Win32.Deploy.0 = Win8 Debug|Win32
		{59C816FA-9488-4A48-BB7D-CB43AEF59A6A}.Win8 Debug|x64.ActiveCfg = Win8 Debug|x64
		{59C816FA-9488-4A48-BB7D-CB43AEF59A6A}.Win8 Debug|x64.Build.0 = Win8 Debug|x64
		{59C816FA-9488-4A48-BB7D-CB43AEF59A6A}.Win8 Debug|x64.Deploy.0 = Win8 Debug|x64
		{59C816FA-9488-4A48-BB7D-CB43AEF59A6A}.Win8 Release|Win32.ActiveCfg = Win8 Release|Win32
		{59C816FA-9488-4A48-BB7D-CB43AEF59A6A}.Win8 Release|Win32.Build.0 = Win8 Release|Win32
		{59C816FA-9488-4A48-BB7D-CB43AEF59A6A}.Win8 Release|Win32.Deploy.0 = Win8 Release|Win32
		{59C816FA-9488-4A48-BB7D-CB43AEF59A6A}.Win8 Release|x64.ActiveCfg = Win8 Release|x64
		{59C816FA-9488-4A48-BB7D-CB43AEF59A6A}.Win8 Release|x64.Build.0 = Win8 Release|x64
		{59C816FA-9488-4A48-BB7D-CB43AEF59A6A}.Win8 Release|x64.Deploy.0 = Win8 Release|x64
		{38464027-E281-4C6D-BC52-EB723C99D7CB}.Vista Debug|Win32.ActiveCfg = Vista Debug|Win32
		{38464027-E281-4C6D-BC52-EB723C99D7CB}.Vista Debug|Win32.Build.0 = Vista Debug|Win32
		{38464027-E281-4C6D-BC52-EB723C99D7CB}.Vista Debug|Win32.Deploy.0 = Vista Debug|Win32
		{38464027-E281-4C6D-BC52-EB723C99D7CB}.Vista Debug|x64.ActiveCfg = Vista Debug|x64
		{38464027-E281-4C6D-BC52-EB723C99D7CB}.Vista Debug|x64.Build.0 = Vista Debug|x64
		{38464027-E281-4C6D-BC52-EB723C99D7CB}.Vista Debug|x64.Deploy.0 = Vista Debug|x64
		{38464027-E281-4C6D-BC52-EB723C99D7CB}.Vista Release|Win32.ActiveCfg = Vista Release|Win32
		{38464027-E281-4C6D-BC52-EB723C99D7CB}.Vista Release|Win32.Build.0 = Vista Release|Win32
		{38464027-E281-4C6D-BC52-EB723C99D7CB}.Vista Release|Win32.Deploy.0 = Vista Release|Win32
		{38464027-E281-4C6D-BC52-EB723C99D7CB}.Vista Release|x64.ActiveCfg = Vista Release|x64
		{38464027-E281-4C6D-BC52-EB723C99D7CB}.Vista Release|x64.Build.0 = Vista Release|x64
		{38464027-E281-4C6D-BC52-EB723C99D7CB}.Vista Release|x64.Deploy.0 = Vista Release|x64
		{38464027-E281-4C6D-BC52-EB723C99D7CB}.Win7 Debug|Win32.ActiveCfg = Win7 Debug|Win32
		{38464027-E281-4C6D-BC52-EB723C99D7CB}.Win7 Debug|Win32.Build.0 = Win7 Debug|Win32
		{38464027-E281-4C6D-BC52-EB723C99D7CB}.Win7 Debug|Win32.Deploy.0 = Win7 Debug|Win32
		{38464027-E281-4C6D-BC52-EB723C99D7CB}.Win7 Debug|x64.ActiveCfg = Win7 Debug|x64
		{38464027-E281-4C6D-BC52-EB723C99D7CB}.Win7 Debug|x64.Build.0 = Win7 Debug|x64
		{38464027-E281-4C6D-BC52-EB723C99D7CB}.Win7 Debug|x64.Deploy.0 = Win7 Debug|x64
		{38464027-E281-4C6D-BC52-EB723C99D7CB}.Win7 Release|Win32.ActiveCfg = Win7 Release|Win32
		{38464027-E281-4C6D-BC52-EB723C99D7CB}.Win7 Release|Win32.Build.0 = Win7 Release|Win32
		{38464027-E281-4C6D-BC52-EB723C99D7CB}.Win7 Release|Win32.Deploy.0 = Win7 Release|Win32
		{38464027-E281-4C6D-BC52-EB723C99D7CB}.Win7 Release|x64.ActiveCfg = Win7 Release|x64
		{38464027-E281-4C6D-BC52-EB723C99D7CB}.Win7 Release|x64.Build.0 = Win7 Release|x64
		{38464027-E281-4C6D-BC52-EB723C99D7CB}.Win7 Release|x64.Deploy.0 = Win7 Release|x64
		{38464027-E281-4C6D-BC52-EB723C99D7CB}.Win8 Debug|Win32.ActiveCfg = Win8 Debug|Win32
		{38464027-E281-4C6D-BC52-EB723C99D7CB}.Win8 Debug|Win32.Build.0 = Win8 Debug|Win32
		{38464027-E281-4C6D-BC52-EB723C99D7CB}.Win8 Debug|Win32.Deploy.0 = Win8 Debug|Win32
		{38464027-E281-4C6D-BC52-EB723C99D7CB}.Win8 Debug|x64.ActiveCfg = Win8 Debug|x64
		{38464027-E281-4C6D-BC52-EB723C99D7CB}.Win8 Debug|x64.Build.0 = Win8 Debug|x64
		{38464027-E281-4C6D-BC52-EB723C99D7CB}.Win8 Debug|x64.Deploy.0 = Win8 Debug|x64
		{38464027-E281-4C6D-BC52-EB723C99D7CB}.Win8 Release|Win32.ActiveCfg = Win8 Release|Win32
		{38464027-E281-4C6D-BC52-EB723C99D7CB}.Win8 Release|Win32.Build.0 = Win8 Release|Win32
		{38464027-E281-4C6D-BC52-EB723C99D7CB}.Win8 Release|Win32.Deploy.0 = Win8 Release|Win32
		{38464027-E281-4C6D-BC52-EB723C99D7CB}.Win8 Release|x64.ActiveCfg = Win8 Release|x64
		{38464027-E281-4C6D-BC52-EB723C99D7CB}.Win8 Release|x64.Build.0 = Win8 Release|x64
		{38464027-E281-4C6D-BC52-EB723C99D7CB}.Win8 Release|x64.Deploy.0 = Win8 Release|x64
	EndGlobalSection
	GlobalSection(SolutionProperties) = preSolution
		HideSolutionNode = FALSE
	EndGlobalSection
	GlobalSection(NestedProjects) = preSolution
		{07D99AF1-96E0-49A5-8521-06DAE4560F6C} = {B4635B9D-31BA-48E0-8077-D2DA93F71087}
	EndGlobalSection
EndGlobal
