<?xml version="1.0" encoding="utf-8"?>
<Project ToolsVersion="4.0" xmlns="http://schemas.microsoft.com/developer/msbuild/2003">
  <ItemGroup>
    <Filter Include="Source Files">
      <UniqueIdentifier>{4FC737F1-C7A5-4376-A066-2A32D752A2FF}</UniqueIdentifier>
      <Extensions>cpp;c;cc;cxx;def;odl;idl;hpj;bat;asm;asmx</Extensions>
    </Filter>
    <Filter Include="Header Files">
      <UniqueIdentifier>{93995380-89BD-4b04-88EB-625FBE52EBFB}</UniqueIdentifier>
      <Extensions>h;hpp;hxx;hm;inl;inc;xsd</Extensions>
    </Filter>
    <Filter Include="Resource Files">
      <UniqueIdentifier>{67DA6AB6-F800-4c08-8B7A-83BB121AAD01}</UniqueIdentifier>
      <Extensions>rc;ico;cur;bmp;dlg;rc2;rct;bin;rgs;gif;jpg;jpeg;jpe;resx;tiff;tif;png;wav;mfcribbon-ms</Extensions>
    </Filter>
    <Filter Include="Driver Files">
      <UniqueIdentifier>{8E41214B-6785-4CFE-B992-037D68949A14}</UniqueIdentifier>
      <Extensions>inf;inv;inx;mof;mc;</Extensions>
    </Filter>
  </ItemGroup>
  <ItemGroup>
    <ClCompile Include="main.c">
      <Filter>Driver Files</Filter>
    </ClCompile>
    <ClCompile Include="winxp-ndis-miniport.c">
      <Filter>Driver Files</Filter>
    </ClCompile>
    <ClCompile Include="winxp-ndis-protocol.c">
      <Filter>Driver Files</Filter>
    </ClCompile>
    <ClCompile Include="winxp-ntoskrnl.c">
      <Filter>Driver Files</Filter>
    </ClCompile>
    <ClCompile Include="driver_hooks.c">
      <Filter>Driver Files</Filter>
    </ClCompile>
    <ClCompile Include="crash.c">
      <Filter>Driver Files</Filter>
    </ClCompile>
    <ClCompile Include="monitor.c">
      <Filter>Driver Files</Filter>
    </ClCompile>
    <ClCompile Include="watchdog.c">
      <Filter>Driver Files</Filter>
    </ClCompile>
    <ClCompile Include="symbhw.c">
      <Filter>Source Files</Filter>
    </ClCompile>
    <ClCompile Include="ndis_entrypoints.c">
      <Filter>Driver Files</Filter>
    </ClCompile>
    <ClCompile Include="ndis_miniport_entrypoints.c">
      <Filter>Driver Files</Filter>
    </ClCompile>
    <ClCompile Include="winxp-ndis-miniport-custom.c">
      <Filter>Driver Files</Filter>
    </ClCompile>
    <ClCompile Include="driver_entrypoints.c">
      <Filter>Driver Files</Filter>
    </ClCompile>
    <ClCompile Include="ndis60-miniport.c">
      <Filter>Source Files</Filter>
    </ClCompile>
    <ClCompile Include="ndis60-miniport-entrypoints.c">
      <Filter>Source Files</Filter>
    </ClCompile>
    <ClCompile Include="ndis60-miniport-optionalentrypoints.c">
      <Filter>Source Files</Filter>
    </ClCompile>
    <ClCompile Include="ndis60-miniport-interrupts.c">
      <Filter>Source Files</Filter>
    </ClCompile>
    <ClCompile Include="winxp-usb.c">
      <Filter>Driver Files</Filter>
    </ClCompile>
  </ItemGroup>
  <ItemGroup>
    <ClInclude Include="hook.h">
      <Filter>Driver Files</Filter>
    </ClInclude>
    <ClInclude Include="lfictl.h">
      <Filter>Driver Files</Filter>
    </ClInclude>
    <ClInclude Include="crash.h">
      <Filter>Header Files</Filter>
    </ClInclude>
    <ClInclude Include="symbhw.h">
      <Filter>Header Files</Filter>
    </ClInclude>
    <ClInclude Include="winxp-ndis-miniport-custom.h">
      <Filter>Header Files</Filter>
    </ClInclude>
    <ClInclude Include="winxp-ndis-protocol-custom.h">
      <Filter>Header Files</Filter>
    </ClInclude>
    <ClInclude Include="apihooks.h">
      <Filter>Header Files</Filter>
    </ClInclude>
    <ClInclude Include="ndis60-miniport-custom.h">
      <Filter>Header Files</Filter>
    </ClInclude>
  </ItemGroup>
  <ItemGroup>
    <Inf Include="lfidriver.inf">
      <Filter>Driver Files</Filter>
    </Inf>
  </ItemGroup>
</Project>